# THIS IS AN AUTOGENERATED FILE. DO NOT EDIT THIS FILE DIRECTLY.
# yarn lockfile v1


"@ungap/create-content@^0.3.1":
  version "0.3.1"
  resolved "https://registry.yarnpkg.com/@ungap/create-content/-/create-content-0.3.1.tgz#b1504143d408f04e85ba38d9a20aace142142090"
  integrity sha512-SHzmtS3KHG+gzNhO/E0tFqs12vNC5H3YxpF8a8AeodB/iX3ZYcxzS8vgWXbDGmHy6bgl7m+f9+wDKBdqOVT5FA==

async-tag@^0.2.0:
  version "0.2.0"
  resolved "https://registry.yarnpkg.com/async-tag/-/async-tag-0.2.0.tgz#77a1cc00692fcb327b231bf07af6d80abc30a3b4"
  integrity sha512-hNstPiQvxVVJdkBjfBsNb3zDEM2IUY3Xp7qaadEnhaGXq1/OFdS+TuwjEJxnIvZRm7e13KrPW74fIeDra7P5vw==

jsx2tag@^0.3.0:
  version "0.3.0"
  resolved "https://registry.yarnpkg.com/jsx2tag/-/jsx2tag-0.3.0.tgz#57062cfb3eff16ffaf9b146e90eb1f8a500de66d"
  integrity sha512-AcELEC4kZIByPXqtK+QdaQ0t7MVZkZ9zjoitLwqGkpLkopDwBOwpG0JHxBcqGaVkv2KF3jPFp6l3l/5cN3J/Yw==

uarray@^1.0.0:
  version "1.0.0"
  resolved "https://registry.yarnpkg.com/uarray/-/uarray-1.0.0.tgz#e89bf0ea2129596f4bf653b66e53246ed6562b6c"
  integrity sha512-LHmiAd5QuAv7pU2vbh+Zq9YOnqVK0H764p2Ozinpfy9ka58OID4IsGLiXsitqH7n0NAIDxvax1A/kDXpii/Ckg==

udomdiff@^1.1.0:
  version "1.1.0"
  resolved "https://registry.yarnpkg.com/udomdiff/-/udomdiff-1.1.0.tgz#1d0c4741b93a2ffd10728ca4cea15b277cc3082f"
  integrity sha512-aqjTs5x/wsShZBkVagdafJkP8S3UMGhkHKszsu1cszjjZ7iOp86+Qb3QOFYh01oWjPMy5ZTuxD6hw5uTKxd+VA==

uhandlers@^0.5.0:
  version "0.5.0"
  resolved "https://registry.yarnpkg.com/uhandlers/-/uhandlers-0.5.0.tgz#f392961ae42f404118e48125f5fdc3fff88dcf87"
  integrity sha512-k62zN6xdC97MbVUCtGyq5Pm+vYwf4vJ5z/KNo4bCEclZzsyi5T5pFrJxHVYqdht+3diCyK7KveUsJPXFJajYfQ==
  dependencies:
    uarray "^1.0.0"

uhtml@^2.7.6:
  version "2.7.6"
  resolved "https://registry.yarnpkg.com/uhtml/-/uhtml-2.7.6.tgz#5d0c1ac94561574c19afec3505a0d2df796677d2"
  integrity sha512-lq5Lb4zKstF0VCLfYlTtkHClMCyC5j8kFB3wWGZlhvMvRy/rd+D7q/bpcKfDibuuB1gRVvAPYHQWetNRyqTW4g==
  dependencies:
    "@ungap/create-content" "^0.3.1"
    async-tag "^0.2.0"
    jsx2tag "^0.3.0"
    uarray "^1.0.0"
    udomdiff "^1.1.0"
    uhandlers "^0.5.0"
    umap "^1.0.2"
    uparser "^0.2.1"
    uwire "^1.1.0"

umap@^1.0.2:
  version "1.0.2"
  resolved "https://registry.yarnpkg.com/umap/-/umap-1.0.2.tgz#2d7d4b145ad8c9f957921460798f3e221347c981"
  integrity sha512-bW127HgG4H4VAD6qlqO5vCC+7bnlYvZ6A6BdwyGblkWvlEG7VYpj1bcpf3iJpvyKmkPZWDIeZDmoULz67ec7NA==

uparser@^0.2.1:
  version "0.2.1"
  resolved "https://registry.yarnpkg.com/uparser/-/uparser-0.2.1.tgz#0251e7bca14ebeb222b79baf806784e40870ad47"
  integrity sha512-hTwK8e+bAaER8gJBOysoFGjRPsX/xOthSPR/ieI9EgTf1rts9ey25tbDXIU0rDr/cGcLsvkCo1n8J/eccfAvvw==

uwire@^1.1.0:
  version "1.1.0"
  resolved "https://registry.yarnpkg.com/uwire/-/uwire-1.1.0.tgz#ae72a770a140311a0d640aebb21131a7934988ca"
  integrity sha512-XJPmJnySabt8D0/wnfFFywgUOBnXszDEW32nEVIfOx1n6gLTZSp+X+70+blSnHKNiIUVSFPmmRuxOal0I/aB5g==
  dependencies:
    uarray "^1.0.0"
